{
	"name": "vue-responsive-grid-layout",
	"version": "2.0.0-beta.1",
	"lockfileVersion": 1,
	"requires": true,
	"dependencies": {
		"javascript-debounce": {
			"version": "1.0.1",
			"resolved": "https://registry.npmjs.org/javascript-debounce/-/javascript-debounce-1.0.1.tgz",
			"integrity": "sha512-3IkTDsqLkrOEfLjTl2rNvPDtjVriwRbWQ+KcKawXnYwqiZMjEwLTp+X8zzDkGONnKlH4gsorF0NHvowV1zhmsQ==",
			"dev": true
		},
		"vue-draggable-core": {
			"version": "2.0.0-beta.1",
			"dev": true
		},
		"vue-resizable-core": {
			"version": "2.0.0-beta.1",
			"dev": true
		}
	}
}
